
Microsoft Visual Studio Solution File, Format Version 12.00
# Visual Studio Version 16
VisualStudioVersion = 16.0.29215.179
MinimumVisualStudioVersion = 10.0.40219.1
Project("{FAE04EC0-301F-11D3-BF4B-00C04F79EFBC}") = "FIT5032", "FIT5032.csproj", "{9D7C2751-82AC-4D48-8698-F9C0C2F86385}"
EndProject
Global
	GlobalSection(SolutionConfigurationPlatforms) = preSolution
		Debug|Any CPU = Debug|Any CPU
		Release|Any CPU = Release|Any CPU
	EndGlobalSection
	GlobalSection(ProjectConfigurationPlatforms) = postSolution
		{9D7C2751-82AC-4D48-8698-F9C0C2F86385}.Debug|Any CPU.ActiveCfg = Debug|Any CPU
		{9D7C2751-82AC-4D48-8698-F9C0C2F86385}.Debug|Any CPU.Build.0 = Debug|Any CPU
		{9D7C2751-82AC-4D48-8698-F9C0C2F86385}.Release|Any CPU.ActiveCfg = Release|Any CPU
		{9D7C2751-82AC-4D48-8698-F9C0C2F86385}.Release|Any CPU.Build.0 = Release|Any CPU
	EndGlobalSection
	GlobalSection(SolutionProperties) = preSolution
		HideSolutionNode = FALSE
	EndGlobalSection
	GlobalSection(ExtensibilityGlobals) = postSolution
		SolutionGuid = {98BBDFD3-7333-4CB8-996D-420E4E07C9B4}
	EndGlobalSection
EndGlobal
